
Microsoft Visual Studio Solution File, Format Version 12.00
# Visual Studio 2013
VisualStudioVersion = 12.0.40629.0
MinimumVisualStudioVersion = 10.0.40219.1
Project("{FAE04EC0-301F-11D3-BF4B-00C04F79EFBC}") = "SmsFinger", "SmsFinger\SmsFinger.csproj", "{79A5A436-2739-4440-BF71-D095DC4A396B}"
EndProject
Project("{FAE04EC0-301F-11D3-BF4B-00C04F79EFBC}") = "SmsFinger.DAL", "SmsFinger.DAL\SmsFinger.DAL.csproj", "{988E6998-3E54-49AA-9EFE-20DA7AAB1DD1}"
EndProject
Global
	GlobalSection(SolutionConfigurationPlatforms) = preSolution
		Debug|Any CPU = Debug|Any CPU
		Release|Any CPU = Release|Any CPU
	EndGlobalSection
	GlobalSection(ProjectConfigurationPlatforms) = postSolution
		{79A5A436-2739-4440-BF71-D095DC4A396B}.Debug|Any CPU.ActiveCfg = Debug|Any CPU
		{79A5A436-2739-4440-BF71-D095DC4A396B}.Debug|Any CPU.Build.0 = Debug|Any CPU
		{79A5A436-2739-4440-BF71-D095DC4A396B}.Release|Any CPU.ActiveCfg = Release|Any CPU
		{79A5A436-2739-4440-BF71-D095DC4A396B}.Release|Any CPU.Build.0 = Release|Any CPU
		{988E6998-3E54-49AA-9EFE-20DA7AAB1DD1}.Debug|Any CPU.ActiveCfg = Debug|Any CPU
		{988E6998-3E54-49AA-9EFE-20DA7AAB1DD1}.Debug|Any CPU.Build.0 = Debug|Any CPU
		{988E6998-3E54-49AA-9EFE-20DA7AAB1DD1}.Release|Any CPU.ActiveCfg = Release|Any CPU
		{988E6998-3E54-49AA-9EFE-20DA7AAB1DD1}.Release|Any CPU.Build.0 = Release|Any CPU
	EndGlobalSection
	GlobalSection(SolutionProperties) = preSolution
		HideSolutionNode = FALSE
	EndGlobalSection
EndGlobal
